
Microsoft Visual Studio Solution File, Format Version 12.00
# Visual Studio Version 17
VisualStudioVersion = 17.8.34316.72
MinimumVisualStudioVersion = 10.0.40219.1
Project("{9A19103F-16F7-4668-BE54-9A1E7A4F7556}") = "AirFranceDI22Model", "AirFranceDI22Model\AirFranceDI22Model.csproj", "{80CE6ADA-FA57-4BDF-BFEF-C38337788F1D}"
EndProject
Project("{9A19103F-16F7-4668-BE54-9A1E7A4F7556}") = "AirFranceAPI", "AirFranceAPI\AirFranceAPI.csproj", "{DFA68083-8352-4783-ADA6-007272749F0D}"
EndProject
Project("{9A19103F-16F7-4668-BE54-9A1E7A4F7556}") = "ClientAirFranceDI22", "ClientAirFranceDI22\ClientAirFranceDI22.csproj", "{AD41F1E3-87D4-41F8-AC7A-42B5DD5E5B66}"
EndProject
Project("{9A19103F-16F7-4668-BE54-9A1E7A4F7556}") = "ClientConsoleTest", "ClientConsoleTest\ClientConsoleTest.csproj", "{197E41FF-5EE6-4AF6-9959-3C0E2CF154B2}"
EndProject
Project("{9A19103F-16F7-4668-BE54-9A1E7A4F7556}") = "AirFranceDI22web", "AirFranceDI22web\AirFranceDI22web.csproj", "{5AB59DF7-1C1E-4B1B-AE68-AA8794514DB5}"
EndProject
Global
	GlobalSection(SolutionConfigurationPlatforms) = preSolution
		Debug|Any CPU = Debug|Any CPU
		Release|Any CPU = Release|Any CPU
	EndGlobalSection
	GlobalSection(ProjectConfigurationPlatforms) = postSolution
		{80CE6ADA-FA57-4BDF-BFEF-C38337788F1D}.Debug|Any CPU.ActiveCfg = Debug|Any CPU
		{80CE6ADA-FA57-4BDF-BFEF-C38337788F1D}.Debug|Any CPU.Build.0 = Debug|Any CPU
		{80CE6ADA-FA57-4BDF-BFEF-C38337788F1D}.Release|Any CPU.ActiveCfg = Release|Any CPU
		{80CE6ADA-FA57-4BDF-BFEF-C38337788F1D}.Release|Any CPU.Build.0 = Release|Any CPU
		{DFA68083-8352-4783-ADA6-007272749F0D}.Debug|Any CPU.ActiveCfg = Debug|Any CPU
		{DFA68083-8352-4783-ADA6-007272749F0D}.Debug|Any CPU.Build.0 = Debug|Any CPU
		{DFA68083-8352-4783-ADA6-007272749F0D}.Release|Any CPU.ActiveCfg = Release|Any CPU
		{DFA68083-8352-4783-ADA6-007272749F0D}.Release|Any CPU.Build.0 = Release|Any CPU
		{AD41F1E3-87D4-41F8-AC7A-42B5DD5E5B66}.Debug|Any CPU.ActiveCfg = Debug|Any CPU
		{AD41F1E3-87D4-41F8-AC7A-42B5DD5E5B66}.Debug|Any CPU.Build.0 = Debug|Any CPU
		{AD41F1E3-87D4-41F8-AC7A-42B5DD5E5B66}.Release|Any CPU.ActiveCfg = Release|Any CPU
		{AD41F1E3-87D4-41F8-AC7A-42B5DD5E5B66}.Release|Any CPU.Build.0 = Release|Any CPU
		{197E41FF-5EE6-4AF6-9959-3C0E2CF154B2}.Debug|Any CPU.ActiveCfg = Debug|Any CPU
		{197E41FF-5EE6-4AF6-9959-3C0E2CF154B2}.Debug|Any CPU.Build.0 = Debug|Any CPU
		{197E41FF-5EE6-4AF6-9959-3C0E2CF154B2}.Release|Any CPU.ActiveCfg = Release|Any CPU
		{197E41FF-5EE6-4AF6-9959-3C0E2CF154B2}.Release|Any CPU.Build.0 = Release|Any CPU
		{5AB59DF7-1C1E-4B1B-AE68-AA8794514DB5}.Debug|Any CPU.ActiveCfg = Debug|Any CPU
		{5AB59DF7-1C1E-4B1B-AE68-AA8794514DB5}.Debug|Any CPU.Build.0 = Debug|Any CPU
		{5AB59DF7-1C1E-4B1B-AE68-AA8794514DB5}.Release|Any CPU.ActiveCfg = Release|Any CPU
		{5AB59DF7-1C1E-4B1B-AE68-AA8794514DB5}.Release|Any CPU.Build.0 = Release|Any CPU
	EndGlobalSection
	GlobalSection(SolutionProperties) = preSolution
		HideSolutionNode = FALSE
	EndGlobalSection
	GlobalSection(ExtensibilityGlobals) = postSolution
		SolutionGuid = {3D4EA1C5-C78C-429F-AFF6-E65D1A1C2D02}
	EndGlobalSection
EndGlobal
